
Microsoft Visual Studio Solution File, Format Version 12.00
# Visual Studio 2013
VisualStudioVersion = 12.0.21005.1
MinimumVisualStudioVersion = 10.0.40219.1
Project("{FAE04EC0-301F-11D3-BF4B-00C04F79EFBC}") = "TopwinLaser2016", "TopwinLaser2016\TopwinLaser2016.csproj", "{235A250E-BC2A-4573-971F-035889A39EBB}"
EndProject
Project("{FAE04EC0-301F-11D3-BF4B-00C04F79EFBC}") = "CameraView", "CameraView\CameraView.csproj", "{24132A43-FC7B-4DB8-8E84-15DBC470F8E6}"
EndProject
Global
	GlobalSection(SolutionConfigurationPlatforms) = preSolution
		Debug|Any CPU = Debug|Any CPU
		Release|Any CPU = Release|Any CPU
	EndGlobalSection
	GlobalSection(ProjectConfigurationPlatforms) = postSolution
		{235A250E-BC2A-4573-971F-035889A39EBB}.Debug|Any CPU.ActiveCfg = Debug|Any CPU
		{235A250E-BC2A-4573-971F-035889A39EBB}.Debug|Any CPU.Build.0 = Debug|Any CPU
		{235A250E-BC2A-4573-971F-035889A39EBB}.Release|Any CPU.ActiveCfg = Release|Any CPU
		{235A250E-BC2A-4573-971F-035889A39EBB}.Release|Any CPU.Build.0 = Release|Any CPU
		{24132A43-FC7B-4DB8-8E84-15DBC470F8E6}.Debug|Any CPU.ActiveCfg = Debug|Any CPU
		{24132A43-FC7B-4DB8-8E84-15DBC470F8E6}.Debug|Any CPU.Build.0 = Debug|Any CPU
		{24132A43-FC7B-4DB8-8E84-15DBC470F8E6}.Release|Any CPU.ActiveCfg = Release|Any CPU
		{24132A43-FC7B-4DB8-8E84-15DBC470F8E6}.Release|Any CPU.Build.0 = Release|Any CPU
	EndGlobalSection
	GlobalSection(SolutionProperties) = preSolution
		HideSolutionNode = FALSE
	EndGlobalSection
EndGlobal
